
Microsoft Visual Studio Solution File, Format Version 12.00
# Visual Studio Version 16
VisualStudioVersion = 16.0.30621.155
MinimumVisualStudioVersion = 10.0.40219.1
Project("{FAE04EC0-301F-11D3-BF4B-00C04F79EFBC}") = "SIMAS", "SIMAS.csproj", "{860D0AE2-F751-4388-8958-24BE19CD747E}"
EndProject
Global
	GlobalSection(SolutionConfigurationPlatforms) = preSolution
		Debug|Any CPU = Debug|Any CPU
		Release|Any CPU = Release|Any CPU
	EndGlobalSection
	GlobalSection(ProjectConfigurationPlatforms) = postSolution
		{860D0AE2-F751-4388-8958-24BE19CD747E}.Debug|Any CPU.ActiveCfg = Debug|Any CPU
		{860D0AE2-F751-4388-8958-24BE19CD747E}.Debug|Any CPU.Build.0 = Debug|Any CPU
		{860D0AE2-F751-4388-8958-24BE19CD747E}.Release|Any CPU.ActiveCfg = Release|Any CPU
		{860D0AE2-F751-4388-8958-24BE19CD747E}.Release|Any CPU.Build.0 = Release|Any CPU
	EndGlobalSection
	GlobalSection(SolutionProperties) = preSolution
		HideSolutionNode = FALSE
	EndGlobalSection
	GlobalSection(ExtensibilityGlobals) = postSolution
		SolutionGuid = {2C2441A3-5EBE-4CE4-BF0C-9405C696B587}
	EndGlobalSection
EndGlobal
